# THIS IS AN AUTOGENERATED FILE. DO NOT EDIT THIS FILE DIRECTLY.
# yarn lockfile v1


"@ant-design/colors@^8.0.1":
  version "8.0.1"
  resolved "https://registry.npmmirror.com/@ant-design/colors/-/colors-8.0.1.tgz#6b5444f2ab4061c7b1aa4bc776adb023b0253161"
  integrity sha512-foPVl0+SWIslGUtD/xBr1p9U4AKzPhNYEseXYRRo5QSzGACYZrQbe11AYJbYfAWnWSpGBx6JjBmSeugUsD9vqQ==
  dependencies:
    "@ant-design/fast-color" "^3.0.0"

"@ant-design/cssinjs-utils@^2.1.2":
  version "2.1.2"
  resolved "https://registry.npmmirror.com/@ant-design/cssinjs-utils/-/cssinjs-utils-2.1.2.tgz#a4a57e02dd7e7c3732ab7f1df406df98b5542d12"
  integrity sha512-5fTHQ158jJJ5dC/ECeyIdZUzKxE/mpEMRZxthyG1sw/AKRHKgJBg00Yi6ACVXgycdje7KahRNvNET/uBccwCnA==
  dependencies:
    "@ant-design/cssinjs" "^2.1.2"
    "@babel/runtime" "^7.23.2"
    "@rc-component/util" "^1.4.0"

"@ant-design/cssinjs@^2.1.2":
  version "2.1.2"
  resolved "https://registry.npmmirror.com/@ant-design/cssinjs/-/cssinjs-2.1.2.tgz#0219e37afdd957248b10da366febae1e4001c952"
  integrity sha512-2Hy8BnCEH31xPeSLbhhB2ctCPXE2ZnASdi+KbSeS79BNbUhL9hAEe20SkUk+BR8aKTmqb6+FKFruk7w8z0VoRQ==
  dependencies:
    "@babel/runtime" "^7.11.1"
    "@emotion/hash" "^0.8.0"
    "@emotion/unitless" "^0.7.5"
    "@rc-component/util" "^1.4.0"
    clsx "^2.1.1"
    csstype "^3.1.3"
    stylis "^4.3.4"

"@ant-design/fast-color@^3.0.0", "@ant-design/fast-color@^3.0.1":
  version "3.0.1"
  resolved "https://registry.npmmirror.com/@ant-design/fast-color/-/fast-color-3.0.1.tgz#fee56b95427c0b55b216c93d9a7f3473f31615b5"
  integrity sha512-esKJegpW4nckh0o6kV3Tkb7NPIZYbPnnFxmQDUmL08ukXZAvV85TZBr70eGuke/CIArLaP6aw8lt9KILjnWuOw==

"@ant-design/icons-svg@^4.5.0":
  version "4.5.0"
  resolved "https://registry.npmmirror.com/@ant-design/icons-svg/-/icons-svg-4.5.0.tgz#7b1c567e489840d747f211d3688949bcba363ad2"
  integrity sha512-1BTUFyKPTBZ53MuTP8s0k5SFEXL7o3VHEOwLgzaoWKwnBeqIcqUtVshc4SKzhI6uACfqhJqBwBUE9FsWR3uULA==

"@ant-design/icons@^6.3.1":
  version "6.3.2"
  resolved "https://registry.npmmirror.com/@ant-design/icons/-/icons-6.3.2.tgz#8291dffc53003db9a5df59f80ed758473cd5c8df"
  integrity sha512-B6O5a5XJ4wjtNOfZejXYwHW5zvKV5gYkjGf11dHGLEbKn0ABDGndo41+gfIiXyTFhvESj4XTotuud33mUFid0g==
  dependencies:
    "@ant-design/colors" "^8.0.1"
    "@ant-design/icons-svg" "^4.5.0"
    "@rc-component/util" "^1.11.0"
    clsx "^2.1.1"

"@ant-design/react-slick@~2.0.0":
  version "2.0.0"
  resolved "https://registry.npmmirror.com/@ant-design/react-slick/-/react-slick-2.0.0.tgz#2d1dac45e7fc94060355f7cc233e92ca247133dc"
  integrity sha512-HMS9sRoEmZey8LsE/Yo6+klhlzU12PisjrVcydW3So7RdklyEd2qehyU6a7Yp+OYN72mgsYs3NFCyP2lCPFVqg==
  dependencies:
    "@babel/runtime" "^7.28.4"
    clsx "^2.1.1"
    json2mq "^0.2.0"
    throttle-debounce "^5.0.0"

"@babel/runtime@^7.10.1", "@babel/runtime@^7.11.1", "@babel/runtime@^7.18.0", "@babel/runtime@^7.20.0", "@babel/runtime@^7.23.2", "@babel/runtime@^7.24.4", "@babel/runtime@^7.24.7", "@babel/runtime@^7.28.4", "@babel/runtime@^7.29.2":
  version "7.29.7"
  resolved "https://registry.npmmirror.com/@babel/runtime/-/runtime-7.29.7.tgz#12022450c45a4da6d8d8287b18a4ff2ddb23f768"
  integrity sha512-Nq8OhGWiZIZGV6hLHoyAKLLcJihP/xFeBMGJoUrxTX2psI8dCifzLhZISFb+VWS3wFMRDmCGw5R+dOySCqPLhw==

"@emnapi/core@1.11.1":
  version "1.11.1"
  resolved "https://registry.npmmirror.com/@emnapi/core/-/core-1.11.1.tgz#b9e1064f3a6b1631e241e638eb48d736bfd372a6"
  integrity sha512-RSvbQmHzdKzNsLYa/wHrbc3KN4sYLKAdPZxqiM2HATqv/SBk2/ENSHpvXGaLOMcsAyz0poEGqkmmKYG3OWiJEQ==
  dependencies:
    "@emnapi/wasi-threads" "1.2.2"
    tslib "^2.4.0"

"@emnapi/runtime@1.11.1":
  version "1.11.1"
  resolved "https://registry.npmmirror.com/@emnapi/runtime/-/runtime-1.11.1.tgz#58f1f3d5d81a9b12f793ab688c96371901027c24"
  integrity sha512-vgj7R3y3Wgx24IQaGPA/R6YFXLHVMOZ0uVEyIQPaWs+rd1AzfEMXlAC22FYwO1XkKR6NPsq7mUandH8oIRdZFw==
  dependencies:
    tslib "^2.4.0"

"@emnapi/wasi-threads@1.2.2":
  version "1.2.2"
  resolved "https://registry.npmmirror.com/@emnapi/wasi-threads/-/wasi-threads-1.2.2.tgz#4c93becf5bfa3b13d1bbdcc06aee38321ad8139a"
  integrity sha512-c95qOXkHdydNKhscBTebqEC1CVAZpyqOfVfBzQ1qgzyl3gfeldUjIggDbIZgDKsHLgnsM+igH7TJ/eAasaVuMA==
  dependencies:
    tslib "^2.4.0"

"@emotion/hash@^0.8.0":
  version "0.8.0"
  resolved "https://registry.npmmirror.com/@emotion/hash/-/hash-0.8.0.tgz#bbbff68978fefdbe68ccb533bc8cbe1d1afb5413"
  integrity sha512-kBJtf7PH6aWwZ6fka3zQ0p6SBYzx4fl1LoZXE2RrnYST9Xljm7WfKJrU4g/Xr3Beg72MLrp1AWNUmuYJTL7Cow==

"@emotion/unitless@^0.7.5":
  version "0.7.5"
  resolved "https://registry.npmmirror.com/@emotion/unitless/-/unitless-0.7.5.tgz#77211291c1900a700b8a78cfafda3160d76949ed"
  integrity sha512-OWORNpfjMsSSUBVrRBVGECkhWcULOAJz9ZW8uK9qgxD+87M7jHRcvh/A96XXNhXTLmKcoYSQtBEX7lHMO7YRwg==

"@napi-rs/wasm-runtime@^1.1.6":
  version "1.1.6"
  resolved "https://registry.npmmirror.com/@napi-rs/wasm-runtime/-/wasm-runtime-1.1.6.tgz#ed33806d0f9be98dc76d0c3d4fd872fda701b5d5"
  integrity sha512-ZLv/JdUfkvOy9eCnnBaGfiO+XimbjebAeO+MRQqD/B+FR1tnRN0tpKSJHRbE8sFfS6aqsXZ67TQjfwfsxULVbg==
  dependencies:
    "@tybys/wasm-util" "^0.10.3"

"@oxc-project/types@=0.137.0":
  version "0.137.0"
  resolved "https://registry.npmmirror.com/@oxc-project/types/-/types-0.137.0.tgz#56e77f8bb221fa05f18b1cd34d73f94f0954a773"
  integrity sha512-WT+Gb24i8hmvo85AIv2oEYouEXkRlKAlT9WaCa3TfLgNCN+GhrJOGZuIlMouAh38Qe4QOx26eUOVsq70qXrywA==

"@rc-component/async-validator@^6.0.0":
  version "6.0.0"
  resolved "https://registry.npmmirror.com/@rc-component/async-validator/-/async-validator-6.0.0.tgz#1c20b8864f69bac63b7876b1321697c2ea71c68d"
  integrity sha512-D3AGQwdyE58gmvx6waVSXJ80JGO+IY5L2O8HDnSOex7JNlzB3GuN/4hyHNTdhy2qtOhkpbIjmeAN3tL993wKbA==
  dependencies:
    "@babel/runtime" "^7.24.4"

"@rc-component/cascader@~1.17.0":
  version "1.17.0"
  resolved "https://registry.npmmirror.com/@rc-component/cascader/-/cascader-1.17.0.tgz#52c0eceada2c7b4b37ebe822c19a6544b9562edf"
  integrity sha512-3cVNG0zrQF1PoXq262L3wGCU+/YLEC1mGSVHDl577dQmA0ZKkXFbY6nwyXo+beCcM7buo49t24jkr+QZdL7O8w==
  dependencies:
    "@rc-component/select" "~1.8.0"
    "@rc-component/tree" "~1.3.2"
    "@rc-component/util" "^1.11.1"
    clsx "^2.1.1"

"@rc-component/checkbox@~2.0.0":
  version "2.0.0"
  resolved "https://registry.npmmirror.com/@rc-component/checkbox/-/checkbox-2.0.0.tgz#90e0b30c276e507a5ab9942f626fe4572f5e4ff9"
  integrity sha512-3CXGPpAR9gsPKeO2N78HAPOzU30UdemD6HGJoWVJOpa6WleaGB5kzZj3v6bdTZab31YuWgY/RxV3VKPctn0DwQ==
  dependencies:
    "@rc-component/util" "^1.3.0"
    clsx "^2.1.1"

"@rc-component/collapse@~1.2.0":
  version "1.2.0"
  resolved "https://registry.npmmirror.com/@rc-component/collapse/-/collapse-1.2.0.tgz#f4f041c0d0e97298b83aad8491fde9fe75b3ac48"
  integrity sha512-ZRYSKSS39qsFx93p26bde7JUZJshsUBEQRlRXPuJYlAiNX0vyYlF5TsAm8JZN3LcF8XvKikdzPbgAtXSbkLUkw==
  dependencies:
    "@babel/runtime" "^7.10.1"
    "@rc-component/motion" "^1.1.4"
    "@rc-component/util" "^1.3.0"
    clsx "^2.1.1"

"@rc-component/color-picker@~3.1.1":
  version "3.1.1"
  resolved "https://registry.npmmirror.com/@rc-component/color-picker/-/color-picker-3.1.1.tgz#0a00411457e697cf9320e945762a4b08f71938f9"
  integrity sha512-OHaCHLHszCegdXmIq2ZRIZBN/EtpT6Wm8SG/gpzLATHbVKc/avvuKi+zlOuk05FTWvgaMmpxAko44uRJ3M+2pg==
  dependencies:
    "@ant-design/fast-color" "^3.0.1"
    "@rc-component/util" "^1.3.0"
    clsx "^2.1.1"

"@rc-component/context@^2.0.1":
  version "2.0.2"
  resolved "https://registry.npmmirror.com/@rc-component/context/-/context-2.0.2.tgz#b1047ad96501630d33f046892c8121f29629f38c"
  integrity sha512-uiGpAlblCNlziHPwj4S4Iy/oemeuz/hR03mbiEjTCXwsqOIN3BOzsRMyDwpyO5Fm0vIEEJRUf9ZtbRLbhksuTA==
  dependencies:
    "@rc-component/util" "^1.11.0"

"@rc-component/dialog@~1.10.0":
  version "1.10.0"
  resolved "https://registry.npmmirror.com/@rc-component/dialog/-/dialog-1.10.0.tgz#06341f175f7bd5b6754e8578cdc53974361772af"
  integrity sha512-eDukNlz9vNszAGv7i3zKXdxEd3wgVmNxuJijYt8zvTh17QwTu8KK/bdURRd/lU4qaMzhO1HKKmMrwOnkaw0BvQ==
  dependencies:
    "@rc-component/motion" "^1.3.3"
    "@rc-component/portal" "^2.1.0"
    "@rc-component/util" "^1.9.0"
    clsx "^2.1.1"

"@rc-component/drawer@~1.4.2":
  version "1.4.2"
  resolved "https://registry.npmmirror.com/@rc-component/drawer/-/drawer-1.4.2.tgz#eb13a6556fb67be28407295c89401b01549224e0"
  integrity sha512-1ib+fZEp6FBu+YvcIktm+nCQ+Q+qIpwpoaJH6opGr4ofh2QMq+qdr5DLC4oCf5qf3pcWX9lUWPYX652k4ini8Q==
  dependencies:
    "@rc-component/motion" "^1.1.4"
    "@rc-component/portal" "^2.1.3"
    "@rc-component/util" "^1.9.0"
    clsx "^2.1.1"

"@rc-component/dropdown@~1.0.0", "@rc-component/dropdown@~1.0.2":
  version "1.0.2"
  resolved "https://registry.npmmirror.com/@rc-component/dropdown/-/dropdown-1.0.2.tgz#c6010dac9e3ce0d7cf305523083d499dc779819e"
  integrity sha512-6PY2ecUSYhDPhkNHHb4wfeAya04WhpmUSKzdR60G+kMNVUCX2vjT/AgTS0Lz0I/K6xrPMJ3enQbwVpeN3sHCgg==
  dependencies:
    "@rc-component/trigger" "^3.0.0"
    "@rc-component/util" "^1.2.1"
    clsx "^2.1.1"

"@rc-component/form@~1.8.5":
  version "1.8.5"
  resolved "https://registry.npmmirror.com/@rc-component/form/-/form-1.8.5.tgz#20571cfd401dc38c74c38cdf4722ddc6c23a9806"
  integrity sha512-d24EYtvUOBhxEtSd/EqIu9DaMuqrWF2IRIvAFCTM6NQ/GJIYNr8DvEpUSUlv2uPxEJ0ZPwYQ+wwlGIAaiHvdrw==
  dependencies:
    "@rc-component/async-validator" "^6.0.0"
    "@rc-component/util" "^1.11.1"
    clsx "^2.1.1"

"@rc-component/image@~1.9.0":
  version "1.9.0"
  resolved "https://registry.npmmirror.com/@rc-component/image/-/image-1.9.0.tgz#110785d735d20336afcdbac84e8fbfd059a7a44e"
  integrity sha512-khF7w7xkBH5B1bsBcI1FSUZdkyd1aqpl2eYyILCqCzzQH3XdfehGUaZTnptyaJJfs09/R5hv9jXWyazOMFIClQ==
  dependencies:
    "@rc-component/motion" "^1.0.0"
    "@rc-component/portal" "^2.1.2"
    "@rc-component/util" "^1.10.1"
    clsx "^2.1.1"

"@rc-component/input-number@~1.6.2":
  version "1.6.2"
  resolved "https://registry.npmmirror.com/@rc-component/input-number/-/input-number-1.6.2.tgz#ae04e1ee69393fc047588c632e7ce6e19faf617f"
  integrity sha512-Gjcq7meZlCOiWN1t1xCC+7/s85humHVokTBI7PJgTfoyw5OWF74y3e6P8PHX104g9+b54jsodFIzyaj6p8LI9w==
  dependencies:
    "@rc-component/mini-decimal" "^1.0.1"
    "@rc-component/util" "^1.4.0"
    clsx "^2.1.1"

"@rc-component/input@~1.3.0", "@rc-component/input@~1.3.1":
  version "1.3.1"
  resolved "https://registry.npmmirror.com/@rc-component/input/-/input-1.3.1.tgz#230b8b59cdde8521d50f0eede63ddacb61cc0cd3"
  integrity sha512-iFvTUT9W+JC/MSin2aGAk8NqsVlTzcExNC9DZariON1IWirju9NoNeEk47an4Q8iHazkoVI/y1LnDi88+CPcig==
  dependencies:
    "@rc-component/resize-observer" "^1.1.1"
    "@rc-component/util" "^1.11.1"
    clsx "^2.1.1"

"@rc-component/mentions@~1.10.0":
  version "1.10.0"
  resolved "https://registry.npmmirror.com/@rc-component/mentions/-/mentions-1.10.0.tgz#46b1117cfb0c716b476e97f342555eccc2f41c97"
  integrity sha512-CI1njYUVY0NjHtLhNoVmXlJyy568Sfep9Wsak6vmGjtT6uazx98djGYlCXz2xkHhEm73g91Y3MTvzUyE5avI7w==
  dependencies:
    "@rc-component/input" "~1.3.0"
    "@rc-component/menu" "~1.4.0"
    "@rc-component/trigger" "^3.0.0"
    "@rc-component/util" "^1.3.0"
    clsx "^2.1.1"

"@rc-component/menu@~1.4.0", "@rc-component/menu@~1.4.1":
  version "1.4.1"
  resolved "https://registry.npmmirror.com/@rc-component/menu/-/menu-1.4.1.tgz#aa20b6d6087f5ddd23d4a21b0ccce35b98988c8e"
  integrity sha512-3GsVRoQ4cnF/AoIQ4P+Z1haBfgfBPQfLT1RJY3Nu4DzOnheTslfCiGSPj7bv/cLj5sW5pHqN25dDXGP3JELAlQ==
  dependencies:
    "@rc-component/motion" "^1.1.4"
    "@rc-component/overflow" "^1.0.0"
    "@rc-component/trigger" "^3.0.0"
    "@rc-component/util" "^1.11.1"
    clsx "^2.1.1"

"@rc-component/mini-decimal@^1.0.1":
  version "1.1.4"
  resolved "https://registry.npmmirror.com/@rc-component/mini-decimal/-/mini-decimal-1.1.4.tgz#36bccedbffb54662ba314a26f63910414f48bc44"
  integrity sha512-xiuXcaCwyOWpD8a8scdExFl+bntNphAW8XeenL1ig2en0AAZY0Pcp4pC0dI22qJ+NvxKn9RoNIoRdqYU3BLH4w==
  dependencies:
    "@babel/runtime" "^7.18.0"

"@rc-component/motion@^1.0.0", "@rc-component/motion@^1.1.3", "@rc-component/motion@^1.1.4", "@rc-component/motion@^1.3.3":
  version "1.3.3"
  resolved "https://registry.npmmirror.com/@rc-component/motion/-/motion-1.3.3.tgz#6a7bbe0a9f070bd11642168f741d40e78bb28565"
  integrity sha512-Xh3IszxvlSv3/PLYFyC2UZi9LNB83yOnkB/LNmRzaypZLvkhqUIPS7MQpGZcCMWrNsXV2p6YTSWbSGvFpEle9A==
  dependencies:
    "@rc-component/util" "^1.11.0"
    clsx "^2.1.1"

"@rc-component/mutate-observer@^2.0.1":
  version "2.0.1"
  resolved "https://registry.npmmirror.com/@rc-component/mutate-observer/-/mutate-observer-2.0.1.tgz#78f54a23bff7c62b2137dfb67e063c1be6ac0652"
  integrity sha512-AyarjoLU5YlxuValRi+w8JRH2Z84TBbFO2RoGWz9d8bSu0FqT8DtugH3xC3BV7mUwlmROFauyWuXFuq4IFbH+w==
  dependencies:
    "@rc-component/util" "^1.2.0"

"@rc-component/notification@~2.0.7":
  version "2.0.7"
  resolved "https://registry.npmmirror.com/@rc-component/notification/-/notification-2.0.7.tgz#f2450a482f87e4698285833c4a8efcac169acabb"
  integrity sha512-nqZzpf6BPdaj+3ILx7si79LLmqPKyUmQoXa+/9gg0SkH0v1DbD66oJgRMSBEVnd/zUT3D4gwxWIHUKebYf2ZXQ==
  dependencies:
    "@rc-component/motion" "^1.1.4"
    "@rc-component/util" "^1.11.0"
    clsx "^2.1.1"

"@rc-component/overflow@^1.0.0":
  version "1.0.1"
  resolved "https://registry.npmmirror.com/@rc-component/overflow/-/overflow-1.0.1.tgz#b9f1100b1531555b1d6a6ba2963e116fd2f96779"
  integrity sha512-syfmgAABaHCnCDzPwHZ/2tuvIcpOO3jefYZMmfkN+pmo8HKTzsfhS57vxo4ksPdN0By+uWVJhJWNFozNBxi2eA==
  dependencies:
    "@babel/runtime" "^7.11.1"
    "@rc-component/resize-observer" "^1.0.1"
    "@rc-component/util" "^1.4.0"
    clsx "^2.1.1"

"@rc-component/pagination@~1.4.0":
  version "1.4.0"
  resolved "https://registry.npmmirror.com/@rc-component/pagination/-/pagination-1.4.0.tgz#e2ea93d09c59e1aca88d849b76536c6435f46fb8"
  integrity sha512-CW1g7P9V8u+e8JQdUsl2RWg+GCsoee0mtJjZUCCxn/vb3jzOwDKm6hAdwddHCVBfWJ58eGUBZz3IvnU8rRktjw==
  dependencies:
    "@rc-component/util" "^1.11.1"
    clsx "^2.1.1"

"@rc-component/picker@~1.11.0":
  version "1.11.0"
  resolved "https://registry.npmmirror.com/@rc-component/picker/-/picker-1.11.0.tgz#ab85a2f1a3f13a55829837d29c862967e701cddd"
  integrity sha512-6qXGKtoJvO8sUd17m5cyNEbEJub0zflCHnaZTBBmj63DPRZYc0WEHN8rp6hFSl+yMCJS/dJY5G+1fQ8bLCuD7A==
  dependencies:
    "@rc-component/overflow" "^1.0.0"
    "@rc-component/resize-observer" "^1.0.0"
    "@rc-component/trigger" "^3.6.15"
    "@rc-component/util" "^1.11.1"
    clsx "^2.1.1"

"@rc-component/portal@^2.1.0", "@rc-component/portal@^2.1.2", "@rc-component/portal@^2.1.3", "@rc-component/portal@^2.2.0":
  version "2.2.1"
  resolved "https://registry.npmmirror.com/@rc-component/portal/-/portal-2.2.1.tgz#37c34b4c8cd73f53cc7072c96dd0e9ac332669ec"
  integrity sha512-ck+r1kW/JSv0wxPji3KN2ss9K6Z0qqwusw/mf/0JobXhZ8hC2ejZwCJObW/SvDi0uhA0VzmCnx0CaCci95tcmA==
  dependencies:
    "@rc-component/util" "^1.11.0"
    clsx "^2.1.1"

"@rc-component/progress@~1.0.2":
  version "1.0.2"
  resolved "https://registry.npmmirror.com/@rc-component/progress/-/progress-1.0.2.tgz#9aba5e24d3ca73a61a451fd041f5d03ca8907c62"
  integrity sha512-WZUnH9eGxH1+xodZKqdrHke59uyGZSWgj5HBM5Kwk5BrTMuAORO7VJ2IP5Qbm9aH3n9x3IcesqHHR0NWPBC7fQ==
  dependencies:
    "@rc-component/util" "^1.2.1"
    clsx "^2.1.1"

"@rc-component/qrcode@~2.0.0":
  version "2.0.0"
  resolved "https://registry.npmmirror.com/@rc-component/qrcode/-/qrcode-2.0.0.tgz#ef4134c213002e7a43edbe609b24248914de4974"
  integrity sha512-aAv3QhPP1xyafuTZOxub6a54pCeBnN3IwQkpETrBtthq4BL5IgxnCbuoBWPDpdLw1y1j6BgBUCAKV92+yX06Dw==
  dependencies:
    "@babel/runtime" "^7.24.7"

"@rc-component/rate@~1.0.1":
  version "1.0.1"
  resolved "https://registry.npmmirror.com/@rc-component/rate/-/rate-1.0.1.tgz#836c3c0bea69047f4234383e2ce6ab83a02ee26a"
  integrity sha512-bkXxeBqDpl5IOC7yL7GcSYjQx9G8H+6kLYQnNZWeBYq2OYIv1MONd6mqKTjnnJYpV0cQIU2z3atdW0j1kttpTw==
  dependencies:
    "@rc-component/util" "^1.3.0"
    clsx "^2.1.1"

"@rc-component/resize-observer@^1.0.0", "@rc-component/resize-observer@^1.0.1", "@rc-component/resize-observer@^1.1.1", "@rc-component/resize-observer@^1.1.2":
  version "1.1.2"
  resolved "https://registry.npmmirror.com/@rc-component/resize-observer/-/resize-observer-1.1.2.tgz#5897e65d7fed5c6e768dcfd8bdec181a3309a98f"
  integrity sha512-t/Bb0W8uvL4PYKAB3YcChC+DlHh0Wt5kM7q/J+0qpVEUMLe7Hk5zuvc9km0hMnTFPSx5Z7Wu/fzCLN6erVLE8Q==
  dependencies:
    "@rc-component/util" "^1.2.0"

"@rc-component/segmented@~1.3.0":
  version "1.3.0"
  resolved "https://registry.npmmirror.com/@rc-component/segmented/-/segmented-1.3.0.tgz#46f5e3f34630a246e02fe20fd501ed448eb64c17"
  integrity sha512-5J/bJ01mbDnoA6P/FW8SxUvKn+OgUSTZJPzCNnTBntG50tzoP7DydGhqxp7ggZXZls7me3mc2EQDXakU3iTVFg==
  dependencies:
    "@babel/runtime" "^7.11.1"
    "@rc-component/motion" "^1.1.4"
    "@rc-component/util" "^1.3.0"
    clsx "^2.1.1"

"@rc-component/select@~1.8.0", "@rc-component/select@~1.8.2":
  version "1.8.2"
  resolved "https://registry.npmmirror.com/@rc-component/select/-/select-1.8.2.tgz#f016992dae5c57186535512d73783e2fc7e4c59e"
  integrity sha512-HQ9zuYqjfZTlcEMWlU1GAPBajd2OHIMVHyjZSGVTCVARwkfCgvXZMTEn0cduy3L+ejAKkaZluOQvxovZoaJaQw==
  dependencies:
    "@rc-component/overflow" "^1.0.0"
    "@rc-component/trigger" "^3.0.0"
    "@rc-component/util" "^1.11.1"
    "@rc-component/virtual-list" "^1.2.0"
    clsx "^2.1.1"

"@rc-component/slider@~1.1.1":
  version "1.1.1"
  resolved "https://registry.npmmirror.com/@rc-component/slider/-/slider-1.1.1.tgz#50ea53df427d94dea8000edbe99919f6bd5fed51"
  integrity sha512-LSzgWGYDgeCDgR4r1XlU29gbYws6HpLnvJd/uMhLeW/vQgxldeR+Wb4uzHDCHiYEbr1bnEHWdjkPxjJRHxuiig==
  dependencies:
    "@rc-component/util" "^1.3.0"
    clsx "^2.1.1"

"@rc-component/steps@~1.2.2":
  version "1.2.2"
  resolved "https://registry.npmmirror.com/@rc-component/steps/-/steps-1.2.2.tgz#8440329540e987ccaed252e008972d0b63723d6f"
  integrity sha512-/yVIZ00gDYYPHSY0JP+M+s3ZvuXLu2f9rEjQqiUDs7EcYsUYrpJ/1bLj9aI9R7MBR3fu/NGh6RM9u2qGfqp+Nw==
  dependencies:
    "@rc-component/util" "^1.2.1"
    clsx "^2.1.1"

"@rc-component/switch@~1.0.3":
  version "1.0.3"
  resolved "https://registry.npmmirror.com/@rc-component/switch/-/switch-1.0.3.tgz#d6efa8a17ca9c35f0838321c1cfe0b9adb954523"
  integrity sha512-Jgi+EbOBquje/XNdofr7xbJQZPYJP+BlPfR0h+WN4zFkdtB2EWqEfvkXJWeipflwjWip0/17rNbxEAqs8hVHfw==
  dependencies:
    "@rc-component/util" "^1.3.0"
    clsx "^2.1.1"

"@rc-component/table@~1.10.2":
  version "1.10.2"
  resolved "https://registry.npmmirror.com/@rc-component/table/-/table-1.10.2.tgz#7b052fd5eb2ccf6996a93eebeb7af7036a262c8b"
  integrity sha512-b3PjqB9Gp25p5t/zq+9QrbXbodkptT8/zvLmwgd2FNPUUtaYyDnQqfxeD5a7ao8E8lpinLHsi2u2vdfPhyNvAw==
  dependencies:
    "@rc-component/context" "^2.0.1"
    "@rc-component/resize-observer" "^1.0.0"
    "@rc-component/util" "^1.11.1"
    "@rc-component/virtual-list" "^1.0.1"
    clsx "^2.1.1"

"@rc-component/tabs@~1.11.0":
  version "1.11.0"
  resolved "https://registry.npmmirror.com/@rc-component/tabs/-/tabs-1.11.0.tgz#c157b2fadcdc2f3ab6c69d0098f73e03c6aa0c12"
  integrity sha512-hA/drZYOVa/MMIb4M2fWf3yaTyTG4qVuIABmghvEhyfw2nBob5VTH69lMCDjSVKmgODjO6nWlCV+gVn3xBrj5Q==
  dependencies:
    "@rc-component/dropdown" "~1.0.0"
    "@rc-component/menu" "~1.4.0"
    "@rc-component/motion" "^1.1.3"
    "@rc-component/resize-observer" "^1.0.0"
    "@rc-component/util" "^1.11.1"
    clsx "^2.1.1"

"@rc-component/tooltip@~1.4.0":
  version "1.4.0"
  resolved "https://registry.npmmirror.com/@rc-component/tooltip/-/tooltip-1.4.0.tgz#c8cf15c6773218a5a36271467f06e663f99c28e7"
  integrity sha512-8Rx5DCctIlLI4raR0I0xHjVTf1aF48+gKCNeAAo5bmF5VoR5YED+A/XEqzXv9KKqrJDRcd3Wndpxh2hyzrTtSg==
  dependencies:
    "@rc-component/trigger" "^3.7.1"
    "@rc-component/util" "^1.3.0"
    clsx "^2.1.1"

"@rc-component/tour@~2.4.0":
  version "2.4.0"
  resolved "https://registry.npmmirror.com/@rc-component/tour/-/tour-2.4.0.tgz#caf89cf8f2f9fb68f1fb0e0c867610015d01f432"
  integrity sha512-aui4r4TqmTzwaBgcQxHYep8kM8PTjZFufjokObpy35KfFeZ0k9ArquWFZqegQlH24P14t+F0qO0mGTgzlav1yg==
  dependencies:
    "@rc-component/portal" "^2.2.0"
    "@rc-component/trigger" "^3.0.0"
    "@rc-component/util" "^1.7.0"
    clsx "^2.1.1"

"@rc-component/tree-select@~1.11.0":
  version "1.11.0"
  resolved "https://registry.npmmirror.com/@rc-component/tree-select/-/tree-select-1.11.0.tgz#9080cdf1d28f2ddd6d8a4879b7aa90d3170f7db9"
  integrity sha512-EhS0X0wtUhBfK4S5TlpSY3MR9ndPMGgujtt1PJW3Ej+ToAlnS/6ohYURtCoXBYGqazUwHmgQGVUDsfpVwhWPkg==
  dependencies:
    "@rc-component/select" "~1.8.0"
    "@rc-component/tree" "~1.3.2"
    "@rc-component/util" "^1.11.1"
    clsx "^2.1.1"

"@rc-component/tree@~1.3.2":
  version "1.3.2"
  resolved "https://registry.npmmirror.com/@rc-component/tree/-/tree-1.3.2.tgz#4b0c13564314eff61ca948c18ef923b87c9d7e44"
  integrity sha512-bJFj46wEkpBPnWyTm18XmgAgNQ/4YvprxMOPPY2a6rmhGJYxLuNKEFiL5Qej4Qctu9wHJm8WW+v2SYskafE0kA==
  dependencies:
    "@rc-component/motion" "^1.0.0"
    "@rc-component/util" "^1.11.1"
    "@rc-component/virtual-list" "^1.2.0"
    clsx "^2.1.1"

"@rc-component/trigger@^3.0.0", "@rc-component/trigger@^3.6.15", "@rc-component/trigger@^3.7.1", "@rc-component/trigger@^3.9.1":
  version "3.9.1"
  resolved "https://registry.npmmirror.com/@rc-component/trigger/-/trigger-3.9.1.tgz#3f730315c558bc392921a563ac9109a1d094ef23"
  integrity sha512-LNsYvz60mrLJ/kRvKcHE7boUvcQfVMCfRqZ71x3Fo9AOiZ1KKIEqkzMA8DNvz2V3Bcvir/vwQNn7JF1NPODQ7Q==
  dependencies:
    "@rc-component/motion" "^1.1.4"
    "@rc-component/portal" "^2.2.0"
    "@rc-component/resize-observer" "^1.1.1"
    "@rc-component/util" "^1.2.1"
    clsx "^2.1.1"

"@rc-component/upload@~1.1.1":
  version "1.1.1"
  resolved "https://registry.npmmirror.com/@rc-component/upload/-/upload-1.1.1.tgz#90d16edcdaeb104ffa9111fd0b428061de7c21ac"
  integrity sha512-GvYWSKeaJTOxxC5p6+nOSadzfvXA1h8C/iHFPFZX+szH3JUXrvs+DLiW8YUTBgvMh8m63mJeHrlYlJzAlg+pDA==
  dependencies:
    "@rc-component/util" "^1.11.1"
    clsx "^2.1.1"

"@rc-component/util@^1.10.1", "@rc-component/util@^1.11.0", "@rc-component/util@^1.11.1", "@rc-component/util@^1.2.0", "@rc-component/util@^1.2.1", "@rc-component/util@^1.3.0", "@rc-component/util@^1.4.0", "@rc-component/util@^1.7.0", "@rc-component/util@^1.9.0":
  version "1.11.1"
  resolved "https://registry.npmmirror.com/@rc-component/util/-/util-1.11.1.tgz#07d698908339c55648e4f974afa739345e65b483"
  integrity sha512-awVlI3ub2vqfqkYxOBc/uQ0efm3jw0wcrhtO/YWLyZfxiKXczKwNbVuhlnyxytDt7H9pbbVQiqr+O6MLATtRYg==
  dependencies:
    is-mobile "^5.0.0"
    react-is "^18.2.0"

"@rc-component/virtual-list@^1.0.1", "@rc-component/virtual-list@^1.2.0":
  version "1.2.0"
  resolved "https://registry.npmmirror.com/@rc-component/virtual-list/-/virtual-list-1.2.0.tgz#3c9ee8cd7d10da334a2a06ad86ca234e2792a381"
  integrity sha512-iavRm1Jo4GDbASQwdGa7jFyk93RvSOo9xHyBT4QL1pgFJj/Fdf1G+3RErH7/7BmAMvx2AkF62mjGYxDbXsK9TQ==
  dependencies:
    "@babel/runtime" "^7.20.0"
    "@rc-component/resize-observer" "^1.0.1"
    "@rc-component/util" "^1.4.0"
    clsx "^2.1.1"

"@rolldown/binding-android-arm64@1.1.3":
  version "1.1.3"
  resolved "https://registry.npmmirror.com/@rolldown/binding-android-arm64/-/binding-android-arm64-1.1.3.tgz#cc6153029c3d9afc9caaae2dc362d899ae94ac4f"
  integrity sha512-DT6Z3PhvioeHMvxo+xHc3KtqggrI7CCTXCmC2h/5zUlp5jVitv7XEy+9q5/7v8IolhlioawpMo8Kg0EEBy7J0g==

"@rolldown/binding-darwin-arm64@1.1.3":
  version "1.1.3"
  resolved "https://registry.npmmirror.com/@rolldown/binding-darwin-arm64/-/binding-darwin-arm64-1.1.3.tgz#3af681a5d7610340257b3ac7753353b23e884765"
  integrity sha512-0NwgwsjM7LrsuVnXMK3koTpagBNOhloc/BNjKqZjv4V5zI5r13qx69uVhRx+o5Z0yy4Hzq+lpy7TAgUG/ocvrw==

"@rolldown/binding-darwin-x64@1.1.3":
  version "1.1.3"
  resolved "https://registry.npmmirror.com/@rolldown/binding-darwin-x64/-/binding-darwin-x64-1.1.3.tgz#80ada35e9f35efb7e48a887444ce2052f615d645"
  integrity sha512-YtiBp4disu6V560loT6PjMdiRaWmVvDNrUunAalbiFx2ggeJwxdAsgZMcoGP17uyAsTwAj5V1niksxlHnVQ1Sw==

"@rolldown/binding-freebsd-x64@1.1.3":
  version "1.1.3"
  resolved "https://registry.npmmirror.com/@rolldown/binding-freebsd-x64/-/binding-freebsd-x64-1.1.3.tgz#65b2bbb82f005f08aeeff0b6d81e19be68360201"
  integrity sha512-yD3EkEdXk2LypPxnf/kSZHirarsI8gcPzc62SukhR9VJTyvV+F9Q/GxWNuCojc7sXyuVC4DxRGhdDK4X8VSsbw==

"@rolldown/binding-linux-arm-gnueabihf@1.1.3":
  version "1.1.3"
  resolved "https://registry.npmmirror.com/@rolldown/binding-linux-arm-gnueabihf/-/binding-linux-arm-gnueabihf-1.1.3.tgz#7e8d34ad0c7bcfd3baed268e9798571e3888ca71"
  integrity sha512-c+8vieQbsD7HNAHKIA34w0GJ9FedFFuJGD+7E6vz7Q3uqAIugL5p45fhlsj4UaAsHpcmlqugBWMhA0/j7o0sIg==

"@rolldown/binding-linux-arm64-gnu@1.1.3":
  version "1.1.3"
  resolved "https://registry.npmmirror.com/@rolldown/binding-linux-arm64-gnu/-/binding-linux-arm64-gnu-1.1.3.tgz#52bbf400ff219bda1e56c042160d96deb08bfecc"
  integrity sha512-50jD0uUwLvur7Zz9LHz17kaAdTPjn5wN93hEgjvmYFRZwiR7ZJYovTd5ipyWJDAnXKvZ+wgc+/Ika6dwSF5OcA==

"@rolldown/binding-linux-arm64-musl@1.1.3":
  version "1.1.3"
  resolved "https://registry.npmmirror.com/@rolldown/binding-linux-arm64-musl/-/binding-linux-arm64-musl-1.1.3.tgz#9e82899186f73329f3d8155fa1618ae2e86ffa2a"
  integrity sha512-BO9+oPL8K9poZJBfYPsXNtYjPE5uM3qeehT3aFcW4LITOl+iSqhp0abzjR2nWBUNjIZeKXjAEWBZ64WjNoHd6w==

"@rolldown/binding-linux-ppc64-gnu@1.1.3":
  version "1.1.3"
  resolved "https://registry.npmmirror.com/@rolldown/binding-linux-ppc64-gnu/-/binding-linux-ppc64-gnu-1.1.3.tgz#050520177316586ccad816eb466ea11015e17ba7"
  integrity sha512-f3VpLB1vQ0Eo6ecr/6cekLnvYMFF4YBFoVGkfkvPLq1bAkbAwHYQPZKoAmG6OJyTcxxoC+AvezGx/S1obNC0Mw==

"@rolldown/binding-linux-s390x-gnu@1.1.3":
  version "1.1.3"
  resolved "https://registry.npmmirror.com/@rolldown/binding-linux-s390x-gnu/-/binding-linux-s390x-gnu-1.1.3.tgz#50efa7b20219c6e31235fded0fd3427f36123e5a"
  integrity sha512-AmurZ26Pqx/RI9N1gzEOCklkKXl927yjfXWUUS0O7Puh8ARM/Ob8qfrD3qnWksScdw6cSrW5PSHE9DyLu7+PtA==

"@rolldown/binding-linux-x64-gnu@1.1.3":
  version "1.1.3"
  resolved "https://registry.npmmirror.com/@rolldown/binding-linux-x64-gnu/-/binding-linux-x64-gnu-1.1.3.tgz#c5973445113dff50d4077d0edaa4b8a69533dc6f"
  integrity sha512-JJpqs8bRGITDOdbkNKnlojzBabbOHrqjSvDr0IVsZObE1lBcPjxItUEY9eWIDbxaJ3cGrXPWGfGkIxFijg/URg==

"@rolldown/binding-linux-x64-musl@1.1.3":
  version "1.1.3"
  resolved "https://registry.npmmirror.com/@rolldown/binding-linux-x64-musl/-/binding-linux-x64-musl-1.1.3.tgz#ddb023f7fc98ccbb8c1b683545216ca7b4e7ebdd"
  integrity sha512-rSJcdjPxzA/by/6/rYs+v+bXU7UjvnbUWz8MJb6kh6+knqB1dCrtHg0uu7C/4haqJvqdkYHQ5IGn+tCH9GLW/g==

"@rolldown/binding-openharmony-arm64@1.1.3":
  version "1.1.3"
  resolved "https://registry.npmmirror.com/@rolldown/binding-openharmony-arm64/-/binding-openharmony-arm64-1.1.3.tgz#832a6da3472722427c73d178c75681858b76aeed"
  integrity sha512-hQ3/PYkDJICgevvyNcVrihVeqq7k1Pp3VZ9lY+dauAYUJKO+auqApvANhvR1An9BhmqYKvW2Mu1F9u4DXSMLxQ==

"@rolldown/binding-wasm32-wasi@1.1.3":
  version "1.1.3"
  resolved "https://registry.npmmirror.com/@rolldown/binding-wasm32-wasi/-/binding-wasm32-wasi-1.1.3.tgz#256cdcc06ad9ada611606526f319642fc0830b0f"
  integrity sha512-Elcv/BtML9lXrV6JuKITc/grN2kYV9gjsQpW8Jfw4ioK0TOkjBjye0nnyqQNy9STNaI20lXNaQBRrD5gSgR0Yg==
  dependencies:
    "@emnapi/core" "1.11.1"
    "@emnapi/runtime" "1.11.1"
    "@napi-rs/wasm-runtime" "^1.1.6"

"@rolldown/binding-win32-arm64-msvc@1.1.3":
  version "1.1.3"
  resolved "https://registry.npmmirror.com/@rolldown/binding-win32-arm64-msvc/-/binding-win32-arm64-msvc-1.1.3.tgz#e735c7024a5e17ebaf13689112fa0bdfc6886c38"
  integrity sha512-2DrEfhluH9yhiaFApmsjsjwrSYbNcY1oFTzYSP1a535jDbV98zCFanA/96TBUd0iDFcxGmw9QRExwGCXz3U+/g==

"@rolldown/binding-win32-x64-msvc@1.1.3":
  version "1.1.3"
  resolved "https://registry.npmmirror.com/@rolldown/binding-win32-x64-msvc/-/binding-win32-x64-msvc-1.1.3.tgz#f06c09db5c8ad4b6904b4d406c9b6f17f392b5c6"
  integrity sha512-OL4OMk7UPXOeVGGd3qo5zJyPIljf4AFgk5QAkPPS+OoLuOOozhuaQGC18MxVTnw/06q93gShAJzlwnSCY9YtqA==

"@rolldown/pluginutils@^1.0.0", "@rolldown/pluginutils@^1.0.1":
  version "1.0.1"
  resolved "https://registry.npmmirror.com/@rolldown/pluginutils/-/pluginutils-1.0.1.tgz#e3fcee093fbb5ce765e1ad088ff4de2889f6f9be"
  integrity sha512-2j9bGt5Jh8hj+vPtgzPtl72j0yRxHAyumoo6TNfAjsLB04UtpSvPbPcDcBMxz7n+9CYB0c1GxQFxYRg2jimqGw==

"@tybys/wasm-util@^0.10.3":
  version "0.10.3"
  resolved "https://registry.npmmirror.com/@tybys/wasm-util/-/wasm-util-0.10.3.tgz#015cba9e9dd47ce14d03d2a8c5d547bfb169665d"
  integrity sha512-F3fo1MYrRJYL3zER0OUOmkutjr1Vp23m7OsSgp7nq4SP6OqX6C/56XFIPAl5bt3zaBRjmW7SGz3u/6LwFpYcOg==
  dependencies:
    tslib "^2.4.0"

"@types/prop-types@*":
  version "15.7.15"
  resolved "https://registry.npmmirror.com/@types/prop-types/-/prop-types-15.7.15.tgz#e6e5a86d602beaca71ce5163fadf5f95d70931c7"
  integrity sha512-F6bEyamV9jKGAFBEmlQnesRPGOQqS2+Uwi0Em15xenOxHaf2hv6L8YCVn3rPdPJOiJfPiCnLIRyvwVaqMY3MIw==

"@types/react-dom@^18.2.17":
  version "18.3.7"
  resolved "https://registry.npmmirror.com/@types/react-dom/-/react-dom-18.3.7.tgz#b89ddf2cd83b4feafcc4e2ea41afdfb95a0d194f"
  integrity sha512-MEe3UeoENYVFXzoXEWsvcpg6ZvlrFNlOQ7EOsvhI3CfAXwzPfO8Qwuxd40nepsYKqyyVQnTdEfv68q91yLcKrQ==

"@types/react@^18.2.43":
  version "18.3.31"
  resolved "https://registry.npmmirror.com/@types/react/-/react-18.3.31.tgz#b5e95e28ffcceab8d982f33f2eb076e17653c2a4"
  integrity sha512-vfEqpXTvwT91yhmwdfouStN2hSKwTvyRs8qpLfADyrq/kxDw0hZM7Wk9Ug1FELj8hIby+S/+kQCSRFF32nv2Qw==
  dependencies:
    "@types/prop-types" "*"
    csstype "^3.2.2"

"@vitejs/plugin-react@^6.0.0":
  version "6.0.3"
  resolved "https://registry.npmmirror.com/@vitejs/plugin-react/-/plugin-react-6.0.3.tgz#55f1d7f558534d10aef03c007dc208b7c3771ce4"
  integrity sha512-vmFvco5/QuC2f9Oj+wTk0+9XeDFkHxSamwZKYc7MxYwKICfvUvlMhqKI0VuICPltGqh1neqBKDvO4kes1ya8vg==
  dependencies:
    "@rolldown/pluginutils" "^1.0.1"

"@wailsio/runtime@latest":
  version "3.0.0-alpha.94"
  resolved "https://registry.npmmirror.com/@wailsio/runtime/-/runtime-3.0.0-alpha.94.tgz#382445c379d7a322540ae98003784bfdb845a761"
  integrity sha512-jtOtyWLDLop9NfU373sA43NjyGntxDFUIHY6kzmArz5HGn66Ok3vl9N2nIyVs7cArvADxk/mBBZ9wXOX7R0NFA==

antd@^6.5.0:
  version "6.5.0"
  resolved "https://registry.npmmirror.com/antd/-/antd-6.5.0.tgz#29d3de40f354ab965e201f79c2d0e7658cecc655"
  integrity sha512-9zbVc9UukfGuqCvIAov01nlpDQWfARNmZQyt21ZhqLX7ilXmi4cdkp12xA48WEmXRXwZvno8A03qQuGE9JG8fg==
  dependencies:
    "@ant-design/colors" "^8.0.1"
    "@ant-design/cssinjs" "^2.1.2"
    "@ant-design/cssinjs-utils" "^2.1.2"
    "@ant-design/fast-color" "^3.0.1"
    "@ant-design/icons" "^6.3.1"
    "@ant-design/react-slick" "~2.0.0"
    "@babel/runtime" "^7.29.2"
    "@rc-component/cascader" "~1.17.0"
    "@rc-component/checkbox" "~2.0.0"
    "@rc-component/collapse" "~1.2.0"
    "@rc-component/color-picker" "~3.1.1"
    "@rc-component/dialog" "~1.10.0"
    "@rc-component/drawer" "~1.4.2"
    "@rc-component/dropdown" "~1.0.2"
    "@rc-component/form" "~1.8.5"
    "@rc-component/image" "~1.9.0"
    "@rc-component/input" "~1.3.1"
    "@rc-component/input-number" "~1.6.2"
    "@rc-component/mentions" "~1.10.0"
    "@rc-component/menu" "~1.4.1"
    "@rc-component/motion" "^1.3.3"
    "@rc-component/mutate-observer" "^2.0.1"
    "@rc-component/notification" "~2.0.7"
    "@rc-component/pagination" "~1.4.0"
    "@rc-component/picker" "~1.11.0"
    "@rc-component/progress" "~1.0.2"
    "@rc-component/qrcode" "~2.0.0"
    "@rc-component/rate" "~1.0.1"
    "@rc-component/resize-observer" "^1.1.2"
    "@rc-component/segmented" "~1.3.0"
    "@rc-component/select" "~1.8.2"
    "@rc-component/slider" "~1.1.1"
    "@rc-component/steps" "~1.2.2"
    "@rc-component/switch" "~1.0.3"
    "@rc-component/table" "~1.10.2"
    "@rc-component/tabs" "~1.11.0"
    "@rc-component/tooltip" "~1.4.0"
    "@rc-component/tour" "~2.4.0"
    "@rc-component/tree" "~1.3.2"
    "@rc-component/tree-select" "~1.11.0"
    "@rc-component/trigger" "^3.9.1"
    "@rc-component/upload" "~1.1.1"
    "@rc-component/util" "^1.11.1"
    clsx "^2.1.1"
    dayjs "^1.11.11"
    scroll-into-view-if-needed "^3.1.0"
    throttle-debounce "^5.0.2"

clsx@^2.1.1:
  version "2.1.1"
  resolved "https://registry.npmmirror.com/clsx/-/clsx-2.1.1.tgz#eed397c9fd8bd882bfb18deab7102049a2f32999"
  integrity sha512-eYm0QWBtUrBWZWG0d386OGAw16Z995PiOVo2B7bjWSbHedGl5e0ZWaq65kOGgUSNesEIDkB9ISbTg/JK9dhCZA==

compute-scroll-into-view@^3.0.2:
  version "3.1.1"
  resolved "https://registry.npmmirror.com/compute-scroll-into-view/-/compute-scroll-into-view-3.1.1.tgz#02c3386ec531fb6a9881967388e53e8564f3e9aa"
  integrity sha512-VRhuHOLoKYOy4UbilLbUzbYg93XLjv2PncJC50EuTWPA3gaja1UjBsUP/D/9/juV3vQFr6XBEzn9KCAHdUvOHw==

copy-anything@^3.0.5:
  version "3.0.5"
  resolved "https://registry.npmmirror.com/copy-anything/-/copy-anything-3.0.5.tgz#2d92dce8c498f790fa7ad16b01a1ae5a45b020a0"
  integrity sha512-yCEafptTtb4bk7GLEQoM8KVJpxAfdBJYaXyzQEgQQQgYrZiDp8SJmGKlYza6CYjEDNstAdNdKA3UuoULlEbS6w==
  dependencies:
    is-what "^4.1.8"

csstype@^3.1.3, csstype@^3.2.2:
  version "3.2.3"
  resolved "https://registry.npmmirror.com/csstype/-/csstype-3.2.3.tgz#ec48c0f3e993e50648c86da559e2610995cf989a"
  integrity sha512-z1HGKcYy2xA8AGQfwrn0PAy+PB7X/GSj3UVJW9qKyn43xWa+gl5nXmU4qqLMRzWVLFC8KusUX8T/0kCiOYpAIQ==

dayjs@^1.11.11:
  version "1.11.21"
  resolved "https://registry.npmmirror.com/dayjs/-/dayjs-1.11.21.tgz#57f87562e62de76f3c704bd2b8d522fc33068eb2"
  integrity sha512-98IT+HOahAisibz/yjKbzuOBwYcjJ7BCLPzARyHiyEBmRz4fatF+KPJszEHXsGYjUG234aH/cOjW1wwTbKUZlA==

detect-libc@^2.0.3:
  version "2.1.2"
  resolved "https://registry.npmmirror.com/detect-libc/-/detect-libc-2.1.2.tgz#689c5dcdc1900ef5583a4cb9f6d7b473742074ad"
  integrity sha512-Btj2BOOO83o3WyH59e8MgXsxEQVcarkUOpEYrubB0urwnN10yQ364rsiByU11nZlqWYZm05i/of7io4mzihBtQ==

errno@^0.1.1:
  version "0.1.8"
  resolved "https://registry.npmmirror.com/errno/-/errno-0.1.8.tgz#8bb3e9c7d463be4976ff888f76b4809ebc2e811f"
  integrity sha512-dJ6oBr5SQ1VSd9qkk7ByRgb/1SH4JZjCHSW/mr63/QcXO9zLVxvJ6Oy13nio03rxpSnVDDjFor75SjVeZWPW/A==
  dependencies:
    prr "~1.0.1"

fdir@^6.5.0:
  version "6.5.0"
  resolved "https://registry.npmmirror.com/fdir/-/fdir-6.5.0.tgz#ed2ab967a331ade62f18d077dae192684d50d350"
  integrity sha512-tIbYtZbucOs0BRGqPJkshJUYdL+SDH7dVM8gjy+ERp3WAUjLEFJE+02kanyHtwjWOnwrKYBiwAmM0p4kLJAnXg==

fsevents@~2.3.3:
  version "2.3.3"
  resolved "https://registry.npmmirror.com/fsevents/-/fsevents-2.3.3.tgz#cac6407785d03675a2a5e1a5305c697b347d90d6"
  integrity sha512-5xoDfX+fL7faATnagmWPpbFtwh/R77WmMMqqHGS65C3vvB0YHrgF+B1YmZ3441tMj5n63k0212XNoJwzlhffQw==

graceful-fs@^4.1.2:
  version "4.2.11"
  resolved "https://registry.npmmirror.com/graceful-fs/-/graceful-fs-4.2.11.tgz#4183e4e8bf08bb6e05bbb2f7d2e0c8f712ca40e3"
  integrity sha512-RbJ5/jmFcNNCcDV5o9eTnBLJ/HszWV0P73bc+Ff4nS/rJj+YaS6IGyiOL0VoBYX+l1Wrl3k63h/KrH+nhJ0XvQ==

iconv-lite@^0.6.3:
  version "0.6.3"
  resolved "https://registry.npmmirror.com/iconv-lite/-/iconv-lite-0.6.3.tgz#a52f80bf38da1952eb5c681790719871a1a72501"
  integrity sha512-4fCk79wshMdzMp2rH06qWrJE4iolqLhCUH+OiuIgU++RB0+94NlDL81atO7GX55uUKueo0txHNtvEyI6D7WdMw==
  dependencies:
    safer-buffer ">= 2.1.2 < 3.0.0"

image-size@~0.5.0:
  version "0.5.5"
  resolved "https://registry.npmmirror.com/image-size/-/image-size-0.5.5.tgz#09dfd4ab9d20e29eb1c3e80b8990378df9e3cb9c"
  integrity sha512-6TDAlDPZxUFCv+fuOkIoXT/V/f3Qbq8e37p+YOiYrUv3v9cc3/6x78VdfPgFVaB9dZYeLUfKgHRebpkm/oP2VQ==

is-mobile@^5.0.0:
  version "5.0.0"
  resolved "https://registry.npmmirror.com/is-mobile/-/is-mobile-5.0.0.tgz#1e08a0ef2c38a67bff84a52af68d67bcef445333"
  integrity sha512-Tz/yndySvLAEXh+Uk8liFCxOwVH6YutuR74utvOcu7I9Di+DwM0mtdPVZNaVvvBUM2OXxne/NhOs1zAO7riusQ==

is-what@^4.1.8:
  version "4.1.16"
  resolved "https://registry.npmmirror.com/is-what/-/is-what-4.1.16.tgz#1ad860a19da8b4895ad5495da3182ce2acdd7a6f"
  integrity sha512-ZhMwEosbFJkA0YhFnNDgTM4ZxDRsS6HqTo7qsZM08fehyRYIYa0yHu5R6mgo1n/8MgaPBXiPimPD77baVFYg+A==

"js-tokens@^3.0.0 || ^4.0.0":
  version "4.0.0"
  resolved "https://registry.npmmirror.com/js-tokens/-/js-tokens-4.0.0.tgz#19203fb59991df98e3a287050d4647cdeaf32499"
  integrity sha512-RdJUflcE3cUzKiMqQgsCu06FPu9UdIJO0beYbPhHN4k6apgJtifcoCtT9bcxOpYBtpD2kCM6Sbzg4CausW/PKQ==

json2mq@^0.2.0:
  version "0.2.0"
  resolved "https://registry.npmmirror.com/json2mq/-/json2mq-0.2.0.tgz#b637bd3ba9eabe122c83e9720483aeb10d2c904a"
  integrity sha512-SzoRg7ux5DWTII9J2qkrZrqV1gt+rTaoufMxEzXbS26Uid0NwaJd123HcoB80TgubEppxxIGdNxCx50fEoEWQA==
  dependencies:
    string-convert "^0.2.0"

less@^4.6.7:
  version "4.6.7"
  resolved "https://registry.npmmirror.com/less/-/less-4.6.7.tgz#15adef08189a6d06ca16876ab2de174d18e3ac59"
  integrity sha512-o3UxHBPPVY1HtCXx15/z1NlknQiWyafRNbtLEv+6xFaDRI2g2xPKIH43do9dSwt8bGLTsjNSaifa48N3d6odsQ==
  dependencies:
    copy-anything "^3.0.5"
    parse-node-version "^1.0.1"
  optionalDependencies:
    errno "^0.1.1"
    graceful-fs "^4.1.2"
    image-size "~0.5.0"
    make-dir "^5.1.0"
    mime "^1.4.1"
    needle "^3.1.0"
    source-map "~0.6.0"

lightningcss-android-arm64@1.32.0:
  version "1.32.0"
  resolved "https://registry.npmmirror.com/lightningcss-android-arm64/-/lightningcss-android-arm64-1.32.0.tgz#f033885116dfefd9c6f54787523e3514b61e1968"
  integrity sha512-YK7/ClTt4kAK0vo6w3X+Pnm0D2cf2vPHbhOXdoNti1Ga0al1P4TBZhwjATvjNwLEBCnKvjJc2jQgHXH0NEwlAg==

lightningcss-darwin-arm64@1.32.0:
  version "1.32.0"
  resolved "https://registry.npmmirror.com/lightningcss-darwin-arm64/-/lightningcss-darwin-arm64-1.32.0.tgz#50b71871b01c8199584b649e292547faea7af9b5"
  integrity sha512-RzeG9Ju5bag2Bv1/lwlVJvBE3q6TtXskdZLLCyfg5pt+HLz9BqlICO7LZM7VHNTTn/5PRhHFBSjk5lc4cmscPQ==

lightningcss-darwin-x64@1.32.0:
  version "1.32.0"
  resolved "https://registry.npmmirror.com/lightningcss-darwin-x64/-/lightningcss-darwin-x64-1.32.0.tgz#35f3e97332d130b9ca181e11b568ded6aebc6d5e"
  integrity sha512-U+QsBp2m/s2wqpUYT/6wnlagdZbtZdndSmut/NJqlCcMLTWp5muCrID+K5UJ6jqD2BFshejCYXniPDbNh73V8w==

lightningcss-freebsd-x64@1.32.0:
  version "1.32.0"
  resolved "https://registry.npmmirror.com/lightningcss-freebsd-x64/-/lightningcss-freebsd-x64-1.32.0.tgz#9777a76472b64ed6ff94342ad64c7bafd794a575"
  integrity sha512-JCTigedEksZk3tHTTthnMdVfGf61Fky8Ji2E4YjUTEQX14xiy/lTzXnu1vwiZe3bYe0q+SpsSH/CTeDXK6WHig==

lightningcss-linux-arm-gnueabihf@1.32.0:
  version "1.32.0"
  resolved "https://registry.npmmirror.com/lightningcss-linux-arm-gnueabihf/-/lightningcss-linux-arm-gnueabihf-1.32.0.tgz#13ae652e1ab73b9135d7b7da172f666c410ad53d"
  integrity sha512-x6rnnpRa2GL0zQOkt6rts3YDPzduLpWvwAF6EMhXFVZXD4tPrBkEFqzGowzCsIWsPjqSK+tyNEODUBXeeVHSkw==

lightningcss-linux-arm64-gnu@1.32.0:
  version "1.32.0"
  resolved "https://registry.npmmirror.com/lightningcss-linux-arm64-gnu/-/lightningcss-linux-arm64-gnu-1.32.0.tgz#417858795a94592f680123a1b1f9da8a0e1ef335"
  integrity sha512-0nnMyoyOLRJXfbMOilaSRcLH3Jw5z9HDNGfT/gwCPgaDjnx0i8w7vBzFLFR1f6CMLKF8gVbebmkUN3fa/kQJpQ==

lightningcss-linux-arm64-musl@1.32.0:
  version "1.32.0"
  resolved "https://registry.npmmirror.com/lightningcss-linux-arm64-musl/-/lightningcss-linux-arm64-musl-1.32.0.tgz#6be36692e810b718040802fd809623cffe732133"
  integrity sha512-UpQkoenr4UJEzgVIYpI80lDFvRmPVg6oqboNHfoH4CQIfNA+HOrZ7Mo7KZP02dC6LjghPQJeBsvXhJod/wnIBg==

lightningcss-linux-x64-gnu@1.32.0:
  version "1.32.0"
  resolved "https://registry.npmmirror.com/lightningcss-linux-x64-gnu/-/lightningcss-linux-x64-gnu-1.32.0.tgz#0b7803af4eb21cfd38dd39fe2abbb53c7dd091f6"
  integrity sha512-V7Qr52IhZmdKPVr+Vtw8o+WLsQJYCTd8loIfpDaMRWGUZfBOYEJeyJIkqGIDMZPwPx24pUMfwSxxI8phr/MbOA==

lightningcss-linux-x64-musl@1.32.0:
  version "1.32.0"
  resolved "https://registry.npmmirror.com/lightningcss-linux-x64-musl/-/lightningcss-linux-x64-musl-1.32.0.tgz#88dc8ba865ddddb1ac5ef04b0f161804418c163b"
  integrity sha512-bYcLp+Vb0awsiXg/80uCRezCYHNg1/l3mt0gzHnWV9XP1W5sKa5/TCdGWaR/zBM2PeF/HbsQv/j2URNOiVuxWg==

lightningcss-win32-arm64-msvc@1.32.0:
  version "1.32.0"
  resolved "https://registry.npmmirror.com/lightningcss-win32-arm64-msvc/-/lightningcss-win32-arm64-msvc-1.32.0.tgz#4f30ba3fa5e925f5b79f945e8cc0d176c3b1ab38"
  integrity sha512-8SbC8BR40pS6baCM8sbtYDSwEVQd4JlFTOlaD3gWGHfThTcABnNDBda6eTZeqbofalIJhFx0qKzgHJmcPTnGdw==

lightningcss-win32-x64-msvc@1.32.0:
  version "1.32.0"
  resolved "https://registry.npmmirror.com/lightningcss-win32-x64-msvc/-/lightningcss-win32-x64-msvc-1.32.0.tgz#141aa5605645064928902bb4af045fa7d9f4220a"
  integrity sha512-Amq9B/SoZYdDi1kFrojnoqPLxYhQ4Wo5XiL8EVJrVsB8ARoC1PWW6VGtT0WKCemjy8aC+louJnjS7U18x3b06Q==

lightningcss@^1.32.0:
  version "1.32.0"
  resolved "https://registry.npmmirror.com/lightningcss/-/lightningcss-1.32.0.tgz#b85aae96486dcb1bf49a7c8571221273f4f1e4a9"
  integrity sha512-NXYBzinNrblfraPGyrbPoD19C1h9lfI/1mzgWYvXUTe414Gz/X1FD2XBZSZM7rRTrMA8JL3OtAaGifrIKhQ5yQ==
  dependencies:
    detect-libc "^2.0.3"
  optionalDependencies:
    lightningcss-android-arm64 "1.32.0"
    lightningcss-darwin-arm64 "1.32.0"
    lightningcss-darwin-x64 "1.32.0"
    lightningcss-freebsd-x64 "1.32.0"
    lightningcss-linux-arm-gnueabihf "1.32.0"
    lightningcss-linux-arm64-gnu "1.32.0"
    lightningcss-linux-arm64-musl "1.32.0"
    lightningcss-linux-x64-gnu "1.32.0"
    lightningcss-linux-x64-musl "1.32.0"
    lightningcss-win32-arm64-msvc "1.32.0"
    lightningcss-win32-x64-msvc "1.32.0"

loose-envify@^1.1.0:
  version "1.4.0"
  resolved "https://registry.npmmirror.com/loose-envify/-/loose-envify-1.4.0.tgz#71ee51fa7be4caec1a63839f7e682d8132d30caf"
  integrity sha512-lyuxPGr/Wfhrlem2CL/UcnUc1zcqKAImBDzukY7Y5F/yQiNdko6+fRLevlw1HgMySw7f611UIY408EtxRSoK3Q==
  dependencies:
    js-tokens "^3.0.0 || ^4.0.0"

make-dir@^5.1.0:
  version "5.1.0"
  resolved "https://registry.npmmirror.com/make-dir/-/make-dir-5.1.0.tgz#59b2d9acf7ffa543d14238617a697458fa8dd5c9"
  integrity sha512-IfpFq6UM39dUNiphpA6uDezNx/AvWyhwfICWPR3t1VspkgkMZrL+Rk1RbN1bx+aeNYwOrqGJgEgV3yotk+ZUVw==

mime@^1.4.1:
  version "1.6.0"
  resolved "https://registry.npmmirror.com/mime/-/mime-1.6.0.tgz#32cd9e5c64553bd58d19a568af452acff04981b1"
  integrity sha512-x0Vn8spI+wuJ1O6S7gnbaQg8Pxh4NNHb7KSINmEWKiPE4RKOplvijn+NkmYmmRgP68mc70j2EbeTFRsrswaQeg==

nanoid@^3.3.12:
  version "3.3.15"
  resolved "https://registry.npmmirror.com/nanoid/-/nanoid-3.3.15.tgz#36c490fad8c6e86c824c940dfdde999b69ed4316"
  integrity sha512-y7Wygv/7mEOvxTuEQDB8StXdMRBWf1kR/tlhAzBRUFkB2jfcLOAxO/SHmOO2zgz1pVgK29/kyupn059/bCHdjA==

needle@^3.1.0:
  version "3.5.0"
  resolved "https://registry.npmmirror.com/needle/-/needle-3.5.0.tgz#aa2023642cb41b11a11babb733fd8fa952919112"
  integrity sha512-jaQyPKKk2YokHrEg+vFDYxXIHTCBgiZwSHOoVx/8V3GIBS8/VN6NdVRmg8q1ERtPkMvmOvebsgga4sAj5hls/w==
  dependencies:
    iconv-lite "^0.6.3"
    sax "^1.2.4"

parse-node-version@^1.0.1:
  version "1.0.1"
  resolved "https://registry.npmmirror.com/parse-node-version/-/parse-node-version-1.0.1.tgz#e2b5dbede00e7fa9bc363607f53327e8b073189b"
  integrity sha512-3YHlOa/JgH6Mnpr05jP9eDG254US9ek25LyIxZlDItp2iJtwyaXQb57lBYLdT3MowkUFYEV2XXNAYIPlESvJlA==

picocolors@^1.1.1:
  version "1.1.1"
  resolved "https://registry.npmmirror.com/picocolors/-/picocolors-1.1.1.tgz#3d321af3eab939b083c8f929a1d12cda81c26b6b"
  integrity sha512-xceH2snhtb5M9liqDsmEw56le376mTZkEX/jEb/RxNFyegNul7eNslCXP9FDj/Lcu0X8KEyMceP2ntpaHrDEVA==

picomatch@^4.0.4:
  version "4.0.4"
  resolved "https://registry.npmmirror.com/picomatch/-/picomatch-4.0.4.tgz#fd6f5e00a143086e074dffe4c924b8fb293b0589"
  integrity sha512-QP88BAKvMam/3NxH6vj2o21R6MjxZUAd6nlwAS/pnGvN9IVLocLHxGYIzFhg6fUQ+5th6P4dv4eW9jX3DSIj7A==

postcss@^8.5.15:
  version "8.5.15"
  resolved "https://registry.npmmirror.com/postcss/-/postcss-8.5.15.tgz#d1eaf677a324e9ec02196da2d3fecf4a0b9a735c"
  integrity sha512-FfR8sjd4em2T6fb3I2MwAJU7HWVMr9zba+enmQeeWFfCbm+UOC/0X4DS8XtpUTMwWMGbjKYP7xjfNekzyGmB3A==
  dependencies:
    nanoid "^3.3.12"
    picocolors "^1.1.1"
    source-map-js "^1.2.1"

prr@~1.0.1:
  version "1.0.1"
  resolved "https://registry.npmmirror.com/prr/-/prr-1.0.1.tgz#d3fc114ba06995a45ec6893f484ceb1d78f5f476"
  integrity sha512-yPw4Sng1gWghHQWj0B3ZggWUm4qVbPwPFcRG8KyxiU7J2OHFSoEHKS+EZ3fv5l1t9CyCiop6l/ZYeWbrgoQejw==

react-dom@^18.2.0:
  version "18.3.1"
  resolved "https://registry.npmmirror.com/react-dom/-/react-dom-18.3.1.tgz#c2265d79511b57d479b3dd3fdfa51536494c5cb4"
  integrity sha512-5m4nQKp+rZRb09LNH59GM4BxTh9251/ylbKIbpe7TpGxfJ+9kv6BLkLBXIjjspbgbnIBNqlI23tRnTWT0snUIw==
  dependencies:
    loose-envify "^1.1.0"
    scheduler "^0.23.2"

react-is@^18.2.0:
  version "18.3.1"
  resolved "https://registry.npmmirror.com/react-is/-/react-is-18.3.1.tgz#e83557dc12eae63a99e003a46388b1dcbb44db7e"
  integrity sha512-/LLMVyas0ljjAtoYiPqYiL8VWXzUUdThrmU5+n20DZv+a+ClRoevUzw5JxU+Ieh5/c87ytoTBV9G1FiKfNJdmg==

react@^18.2.0:
  version "18.3.1"
  resolved "https://registry.npmmirror.com/react/-/react-18.3.1.tgz#49ab892009c53933625bd16b2533fc754cab2891"
  integrity sha512-wS+hAgJShR0KhEvPJArfuPVN1+Hz1t0Y6n5jLrGQbkb4urgPE/0Rve+1kMB1v/oWgHgm4WIcV+i7F2pTVj+2iQ==
  dependencies:
    loose-envify "^1.1.0"

rolldown@~1.1.2:
  version "1.1.3"
  resolved "https://registry.npmmirror.com/rolldown/-/rolldown-1.1.3.tgz#87072bfd0d1bdd02a66076a261a62e8e49b3f0e2"
  integrity sha512-1F1eEtUBtFvcGm1HQ9TiUIUHPQG7mSAODrhIzjxoUEFuo8OcbrGLiVLkevNgj84TE4lnHvnumwFjhJO5Eu135g==
  dependencies:
    "@oxc-project/types" "=0.137.0"
    "@rolldown/pluginutils" "^1.0.0"
  optionalDependencies:
    "@rolldown/binding-android-arm64" "1.1.3"
    "@rolldown/binding-darwin-arm64" "1.1.3"
    "@rolldown/binding-darwin-x64" "1.1.3"
    "@rolldown/binding-freebsd-x64" "1.1.3"
    "@rolldown/binding-linux-arm-gnueabihf" "1.1.3"
    "@rolldown/binding-linux-arm64-gnu" "1.1.3"
    "@rolldown/binding-linux-arm64-musl" "1.1.3"
    "@rolldown/binding-linux-ppc64-gnu" "1.1.3"
    "@rolldown/binding-linux-s390x-gnu" "1.1.3"
    "@rolldown/binding-linux-x64-gnu" "1.1.3"
    "@rolldown/binding-linux-x64-musl" "1.1.3"
    "@rolldown/binding-openharmony-arm64" "1.1.3"
    "@rolldown/binding-wasm32-wasi" "1.1.3"
    "@rolldown/binding-win32-arm64-msvc" "1.1.3"
    "@rolldown/binding-win32-x64-msvc" "1.1.3"

"safer-buffer@>= 2.1.2 < 3.0.0":
  version "2.1.2"
  resolved "https://registry.npmmirror.com/safer-buffer/-/safer-buffer-2.1.2.tgz#44fa161b0187b9549dd84bb91802f9bd8385cd6a"
  integrity sha512-YZo3K82SD7Riyi0E1EQPojLz7kpepnSQI9IyPbHHg1XXXevb5dJI7tpyN2ADxGcQbHG7vcyRHk0cbwqcQriUtg==

sax@^1.2.4:
  version "1.6.0"
  resolved "https://registry.npmmirror.com/sax/-/sax-1.6.0.tgz#da59637629307b97e7c4cb28e080a7bc38560d5b"
  integrity sha512-6R3J5M4AcbtLUdZmRv2SygeVaM7IhrLXu9BmnOGmmACak8fiUtOsYNWUS4uK7upbmHIBbLBeFeI//477BKLBzA==

scheduler@^0.23.2:
  version "0.23.2"
  resolved "https://registry.npmmirror.com/scheduler/-/scheduler-0.23.2.tgz#414ba64a3b282892e944cf2108ecc078d115cdc3"
  integrity sha512-UOShsPwz7NrMUqhR6t0hWjFduvOzbtv7toDH1/hIrfRNIDBnnBWd0CwJTGvTpngVlmwGCdP9/Zl/tVrDqcuYzQ==
  dependencies:
    loose-envify "^1.1.0"

scroll-into-view-if-needed@^3.1.0:
  version "3.1.0"
  resolved "https://registry.npmmirror.com/scroll-into-view-if-needed/-/scroll-into-view-if-needed-3.1.0.tgz#fa9524518c799b45a2ef6bbffb92bcad0296d01f"
  integrity sha512-49oNpRjWRvnU8NyGVmUaYG4jtTkNonFZI86MmGRDqBphEK2EXT9gdEUoQPZhuBM8yWHxCWbobltqYO5M4XrUvQ==
  dependencies:
    compute-scroll-into-view "^3.0.2"

source-map-js@^1.2.1:
  version "1.2.1"
  resolved "https://registry.npmmirror.com/source-map-js/-/source-map-js-1.2.1.tgz#1ce5650fddd87abc099eda37dcff024c2667ae46"
  integrity sha512-UXWMKhLOwVKb728IUtQPXxfYU+usdybtUrK/8uGE8CQMvrhOpwvzDBwj0QhSL7MQc7vIsISBG8VQ8+IDQxpfQA==

source-map@~0.6.0:
  version "0.6.1"
  resolved "https://registry.npmmirror.com/source-map/-/source-map-0.6.1.tgz#74722af32e9614e9c287a8d0bbde48b5e2f1a263"
  integrity sha512-UjgapumWlbMhkBgzT7Ykc5YXUT46F0iKu8SGXq0bcwP5dz/h0Plj6enJqjz1Zbq2l5WaqYnrVbwWOWMyF3F47g==

string-convert@^0.2.0:
  version "0.2.1"
  resolved "https://registry.npmmirror.com/string-convert/-/string-convert-0.2.1.tgz#6982cc3049fbb4cd85f8b24568b9d9bf39eeff97"
  integrity sha512-u/1tdPl4yQnPBjnVrmdLo9gtuLvELKsAoRapekWggdiQNvvvum+jYF329d84NAa660KQw7pB2n36KrIKVoXa3A==

stylis@^4.3.4:
  version "4.4.0"
  resolved "https://registry.npmmirror.com/stylis/-/stylis-4.4.0.tgz#c5846c9345f4bfc51bd0cbd7ca35a0744f485a5d"
  integrity sha512-5Z9ZpRzfuH6l/UAvCPAPUo3665Nk2wLaZU3x+TLHKVzIz33+sbJqbtrYoC3KD4/uVOr2Zp+L0LySezP9OHV9yA==

throttle-debounce@^5.0.0, throttle-debounce@^5.0.2:
  version "5.0.2"
  resolved "https://registry.npmmirror.com/throttle-debounce/-/throttle-debounce-5.0.2.tgz#ec5549d84e053f043c9fd0f2a6dd892ff84456b1"
  integrity sha512-B71/4oyj61iNH0KeCamLuE2rmKuTO5byTOSVwECM5FA7TiAiAW+UqTKZ9ERueC4qvgSttUhdmq1mXC3kJqGX7A==

tinyglobby@^0.2.17:
  version "0.2.17"
  resolved "https://registry.npmmirror.com/tinyglobby/-/tinyglobby-0.2.17.tgz#562a9a6c9eb2b3b123d39719f9af5bb44fcd7631"
  integrity sha512-wXR/dYpcqKmfWpEdZjiKJOwCNFndD0DMnrW/cYjVGttEkBfVgcLFHoNrlj47mjOVic9yyNu65alsgF4NQyTa2g==
  dependencies:
    fdir "^6.5.0"
    picomatch "^4.0.4"

tslib@^2.4.0:
  version "2.8.1"
  resolved "https://registry.npmmirror.com/tslib/-/tslib-2.8.1.tgz#612efe4ed235d567e8aba5f2a5fab70280ade83f"
  integrity sha512-oJFu94HQb+KVduSUQL7wnpmqnfmLsOA/nAh6b6EH0wCEoK0/mPeXU6c3wKDV83MkOuHPRHtSXKKU99IBazS/2w==

typescript@^5.2.2:
  version "5.9.3"
  resolved "https://registry.npmmirror.com/typescript/-/typescript-5.9.3.tgz#5b4f59e15310ab17a216f5d6cf53ee476ede670f"
  integrity sha512-jl1vZzPDinLr9eUt3J/t7V6FgNEw9QjvBPdysz9KfQDD41fQrC2Y4vKQdiaUpFT4bXlb1RHhLpp8wtm6M5TgSw==

vite@^8.0.5:
  version "8.1.0"
  resolved "https://registry.npmmirror.com/vite/-/vite-8.1.0.tgz#0734dc1a48faeb2bd5f5b16b66dcbfae484fec55"
  integrity sha512-BuJcQK/56NQTWDGn4ABea3q4SSBdNPWwNZKTkkUpcMPnLoquSYH8llRtSUIgoL1KSCpHt5eghLShn50mH36y7Q==
  dependencies:
    lightningcss "^1.32.0"
    picomatch "^4.0.4"
    postcss "^8.5.15"
    rolldown "~1.1.2"
    tinyglobby "^0.2.17"
  optionalDependencies:
    fsevents "~2.3.3"
